{
    "name": "company-nodered-messanger",
    "version": "0.0.1",
    "lockfileVersion": 2,
    "requires": true,
    "packages": {
        "": {
            "name": "company-nodered-messanger",
            "version": "0.0.1",
            "dependencies": {
                "@chatbots-studio/cbs-platform-node-red-palette": "1.17.2",
                "moment-timezone": "^0.5.32"
            }
        },
        "node_modules/@chatbots-studio/cbs-platform-node-red-palette": {
            "version": "1.17.2",
            "resolved": "https://npm.pkg.github.com/download/@chatbots-studio/cbs-platform-node-red-palette/1.17.2/0da6ad385235780abd2fe02aa01756d78346bab8eeaf0d5339a44b8eeb2ceecd",
            "integrity": "sha512-wmLIH/sjvbM0/3d8WfGO8Rz/BT/aOtv4DEGh9jf50r/sgciOQjEHUq6BRLIclnTfoVFFDodOZ7TnHACenENj1Q==",
            "license": "ISC",
            "dependencies": {
                "axios": "0.23.0",
                "fast-safe-stringify": "2.1.1",
                "url-join": "4.0.1",
                "uuid": "8.3.2"
            }
        },
        "node_modules/axios": {
            "version": "0.23.0",
            "resolved": "https://registry.npmjs.org/axios/-/axios-0.23.0.tgz",
            "integrity": "sha512-NmvAE4i0YAv5cKq8zlDoPd1VLKAqX5oLuZKs8xkJa4qi6RGn0uhCYFjWtHHC9EM/MwOwYWOs53W+V0aqEXq1sg==",
            "dependencies": {
                "follow-redirects": "^1.14.4"
            }
        },
        "node_modules/fast-safe-stringify": {
            "version": "2.1.1",
            "resolved": "https://registry.npmjs.org/fast-safe-stringify/-/fast-safe-stringify-2.1.1.tgz",
            "integrity": "sha512-W+KJc2dmILlPplD/H4K9l9LcAHAfPtP6BY84uVLXQ6Evcz9Lcg33Y2z1IVblT6xdY54PXYVHEv+0Wpq8Io6zkA=="
        },
        "node_modules/follow-redirects": {
            "version": "1.14.7",
            "resolved": "https://registry.npmjs.org/follow-redirects/-/follow-redirects-1.14.7.tgz",
            "integrity": "sha512-+hbxoLbFMbRKDwohX8GkTataGqO6Jb7jGwpAlwgy2bIz25XtRm7KEzJM76R1WiNT5SwZkX4Y75SwBolkpmE7iQ==",
            "funding": [
                {
                    "type": "individual",
                    "url": "https://github.com/sponsors/RubenVerborgh"
                }
            ],
            "engines": {
                "node": ">=4.0"
            },
            "peerDependenciesMeta": {
                "debug": {
                    "optional": true
                }
            }
        },
        "node_modules/moment": {
            "version": "2.29.1",
            "resolved": "https://registry.npmjs.org/moment/-/moment-2.29.1.tgz",
            "integrity": "sha512-kHmoybcPV8Sqy59DwNDY3Jefr64lK/by/da0ViFcuA4DH0vQg5Q6Ze5VimxkfQNSC+Mls/Kx53s7TjP1RhFEDQ==",
            "engines": {
                "node": "*"
            }
        },
        "node_modules/moment-timezone": {
            "version": "0.5.33",
            "resolved": "https://registry.npmjs.org/moment-timezone/-/moment-timezone-0.5.33.tgz",
            "integrity": "sha512-PTc2vcT8K9J5/9rDEPe5czSIKgLoGsH8UNpA4qZTVw0Vd/Uz19geE9abbIOQKaAQFcnQ3v5YEXrbSc5BpshH+w==",
            "dependencies": {
                "moment": ">= 2.9.0"
            },
            "engines": {
                "node": "*"
            }
        },
        "node_modules/url-join": {
            "version": "4.0.1",
            "resolved": "https://registry.npmjs.org/url-join/-/url-join-4.0.1.tgz",
            "integrity": "sha512-jk1+QP6ZJqyOiuEI9AEWQfju/nB2Pw466kbA0LEZljHwKeMgd9WrAEgEGxjPDD2+TNbbb37rTyhEfrCXfuKXnA=="
        },
        "node_modules/uuid": {
            "version": "8.3.2",
            "resolved": "https://registry.npmjs.org/uuid/-/uuid-8.3.2.tgz",
            "integrity": "sha512-+NYs2QeMWy+GWFOEm9xnn6HCDp0l7QBD7ml8zLUmJ+93Q5NF0NocErnwkTkXVFNiX3/fpC6afS8Dhb/gz7R7eg==",
            "bin": {
                "uuid": "dist/bin/uuid"
            }
        }
    },
    "dependencies": {
        "@chatbots-studio/cbs-platform-node-red-palette": {
            "version": "1.17.2",
            "resolved": "https://npm.pkg.github.com/download/@chatbots-studio/cbs-platform-node-red-palette/1.17.2/0da6ad385235780abd2fe02aa01756d78346bab8eeaf0d5339a44b8eeb2ceecd",
            "integrity": "sha512-wmLIH/sjvbM0/3d8WfGO8Rz/BT/aOtv4DEGh9jf50r/sgciOQjEHUq6BRLIclnTfoVFFDodOZ7TnHACenENj1Q==",
            "requires": {
                "axios": "0.23.0",
                "fast-safe-stringify": "2.1.1",
                "url-join": "4.0.1",
                "uuid": "8.3.2"
            }
        },
        "axios": {
            "version": "0.23.0",
            "resolved": "https://registry.npmjs.org/axios/-/axios-0.23.0.tgz",
            "integrity": "sha512-NmvAE4i0YAv5cKq8zlDoPd1VLKAqX5oLuZKs8xkJa4qi6RGn0uhCYFjWtHHC9EM/MwOwYWOs53W+V0aqEXq1sg==",
            "requires": {
                "follow-redirects": "^1.14.4"
            }
        },
        "fast-safe-stringify": {
            "version": "2.1.1",
            "resolved": "https://registry.npmjs.org/fast-safe-stringify/-/fast-safe-stringify-2.1.1.tgz",
            "integrity": "sha512-W+KJc2dmILlPplD/H4K9l9LcAHAfPtP6BY84uVLXQ6Evcz9Lcg33Y2z1IVblT6xdY54PXYVHEv+0Wpq8Io6zkA=="
        },
        "follow-redirects": {
            "version": "1.14.7",
            "resolved": "https://registry.npmjs.org/follow-redirects/-/follow-redirects-1.14.7.tgz",
            "integrity": "sha512-+hbxoLbFMbRKDwohX8GkTataGqO6Jb7jGwpAlwgy2bIz25XtRm7KEzJM76R1WiNT5SwZkX4Y75SwBolkpmE7iQ=="
        },
        "moment": {
            "version": "2.29.1",
            "resolved": "https://registry.npmjs.org/moment/-/moment-2.29.1.tgz",
            "integrity": "sha512-kHmoybcPV8Sqy59DwNDY3Jefr64lK/by/da0ViFcuA4DH0vQg5Q6Ze5VimxkfQNSC+Mls/Kx53s7TjP1RhFEDQ=="
        },
        "moment-timezone": {
            "version": "0.5.33",
            "resolved": "https://registry.npmjs.org/moment-timezone/-/moment-timezone-0.5.33.tgz",
            "integrity": "sha512-PTc2vcT8K9J5/9rDEPe5czSIKgLoGsH8UNpA4qZTVw0Vd/Uz19geE9abbIOQKaAQFcnQ3v5YEXrbSc5BpshH+w==",
            "requires": {
                "moment": ">= 2.9.0"
            }
        },
        "url-join": {
            "version": "4.0.1",
            "resolved": "https://registry.npmjs.org/url-join/-/url-join-4.0.1.tgz",
            "integrity": "sha512-jk1+QP6ZJqyOiuEI9AEWQfju/nB2Pw466kbA0LEZljHwKeMgd9WrAEgEGxjPDD2+TNbbb37rTyhEfrCXfuKXnA=="
        },
        "uuid": {
            "version": "8.3.2",
            "resolved": "https://registry.npmjs.org/uuid/-/uuid-8.3.2.tgz",
            "integrity": "sha512-+NYs2QeMWy+GWFOEm9xnn6HCDp0l7QBD7ml8zLUmJ+93Q5NF0NocErnwkTkXVFNiX3/fpC6afS8Dhb/gz7R7eg=="
        }
    }
}
